
Microsoft Visual Studio Solution File, Format Version 12.00
# Visual Studio Version 16
VisualStudioVersion = 16.0.29905.134
MinimumVisualStudioVersion = 10.0.40219.1
Project("{FAE04EC0-301F-11D3-BF4B-00C04F79EFBC}") = "Your Garage", "Your Garage\Your Garage.csproj", "{ED9B00D6-7559-463B-889D-425B22DE4589}"
EndProject
Global
	GlobalSection(SolutionConfigurationPlatforms) = preSolution
		Debug|Any CPU = Debug|Any CPU
		Release|Any CPU = Release|Any CPU
	EndGlobalSection
	GlobalSection(ProjectConfigurationPlatforms) = postSolution
		{ED9B00D6-7559-463B-889D-425B22DE4589}.Debug|Any CPU.ActiveCfg = Debug|Any CPU
		{ED9B00D6-7559-463B-889D-425B22DE4589}.Debug|Any CPU.Build.0 = Debug|Any CPU
		{ED9B00D6-7559-463B-889D-425B22DE4589}.Release|Any CPU.ActiveCfg = Release|Any CPU
		{ED9B00D6-7559-463B-889D-425B22DE4589}.Release|Any CPU.Build.0 = Release|Any CPU
	EndGlobalSection
	GlobalSection(SolutionProperties) = preSolution
		HideSolutionNode = FALSE
	EndGlobalSection
	GlobalSection(ExtensibilityGlobals) = postSolution
		SolutionGuid = {D715354E-15A4-46D7-BE50-C933CD3CA656}
	EndGlobalSection
EndGlobal
